// !$*UTF8*$!
{
	archiveVersion = 1;
	classes = {
	};
	objectVersion = 46;
	objects = {

/* Begin PBXBuildFile section */
		B5A55F991B3F8B6000589F69 /* AppDelegate.swift in Sources */ = {isa = PBXBuildFile; fileRef = B5A55F981B3F8B6000589F69 /* AppDelegate.swift */; };
		B5A55F9B1B3F8B6000589F69 /* ViewController.swift in Sources */ = {isa = PBXBuildFile; fileRef = B5A55F9A1B3F8B6000589F69 /* ViewController.swift */; };
		B5A55F9E1B3F8B6000589F69 /* Main.storyboard in Resources */ = {isa = PBXBuildFile; fileRef = B5A55F9C1B3F8B6000589F69 /* Main.storyboard */; };
		B5A55FA01B3F8B6000589F69 /* Images.xcassets in Resources */ = {isa = PBXBuildFile; fileRef = B5A55F9F1B3F8B6000589F69 /* Images.xcassets */; };
		B5A55FA31B3F8B6000589F69 /* LaunchScreen.xib in Resources */ = {isa = PBXBuildFile; fileRef = B5A55FA11B3F8B6000589F69 /* LaunchScreen.xib */; };
		B5A55FAF1B3F8B6000589F69 /* _0___App_Where_am_ITests.swift in Sources */ = {isa = PBXBuildFile; fileRef = B5A55FAE1B3F8B6000589F69 /* _0___App_Where_am_ITests.swift */; };
		B5A55FB91B3F8E0400589F69 /* CoreLocation.framework in Frameworks */ = {isa = PBXBuildFile; fileRef = B5A55FB81B3F8E0400589F69 /* CoreLocation.framework */; };
		B5A55FBB1B3F8E1000589F69 /* MapKit.framework in Frameworks */ = {isa = PBXBuildFile; fileRef = B5A55FBA1B3F8E1000589F69 /* MapKit.framework */; };
/* End PBXBuildFile section */

/* Begin PBXContainerItemProxy section */
		B5A55FA91B3F8B6000589F69 /* PBXContainerItemProxy */ = {
			isa = PBXContainerItemProxy;
			containerPortal = B5A55F8B1B3F8B6000589F69 /* Project object */;
			proxyType = 1;
			remoteGlobalIDString = B5A55F921B3F8B6000589F69;
			remoteInfo = "20 - App Where am I";
		};
/* End PBXContainerItemProxy section */

/* Begin PBXFileReference section */
		B5A55F931B3F8B6000589F69 /* 20 - App Where am I.app */ = {isa = PBXFileReference; explicitFileType = wrapper.application; includeInIndex = 0; path = "20 - App Where am I.app"; sourceTree = BUILT_PRODUCTS_DIR; };
		B5A55F971B3F8B6000589F69 /* Info.plist */ = {isa = PBXFileReference; lastKnownFileType = text.plist.xml; path = Info.plist; sourceTree = "<group>"; };
		B5A55F981B3F8B6000589F69 /* AppDelegate.swift */ = {isa = PBXFileReference; lastKnownFileType = sourcecode.swift; path = AppDelegate.swift; sourceTree = "<group>"; };
		B5A55F9A1B3F8B6000589F69 /* ViewController.swift */ = {isa = PBXFileReference; lastKnownFileType = sourcecode.swift; path = ViewController.swift; sourceTree = "<group>"; };
		B5A55F9D1B3F8B6000589F69 /* Base */ = {isa = PBXFileReference; lastKnownFileType = file.storyboard; name = Base; path = Base.lproj/Main.storyboard; sourceTree = "<group>"; };
		B5A55F9F1B3F8B6000589F69 /* Images.xcassets */ = {isa = PBXFileReference; lastKnownFileType = folder.assetcatalog; path = Images.xcassets; sourceTree = "<group>"; };
		B5A55FA21B3F8B6000589F69 /* Base */ = {isa = PBXFileReference; lastKnownFileType = file.xib; name = Base; path = Base.lproj/LaunchScreen.xib; sourceTree = "<group>"; };
		B5A55FA81B3F8B6000589F69 /* 20 - App Where am ITests.xctest */ = {isa = PBXFileReference; explicitFileType = wrapper.cfbundle; includeInIndex = 0; path = "20 - App Where am ITests.xctest"; sourceTree = BUILT_PRODUCTS_DIR; };
		B5A55FAD1B3F8B6000589F69 /* Info.plist */ = {isa = PBXFileReference; lastKnownFileType = text.plist.xml; path = Info.plist; sourceTree = "<group>"; };
		B5A55FAE1B3F8B6000589F69 /* _0___App_Where_am_ITests.swift */ = {isa = PBXFileReference; lastKnownFileType = sourcecode.swift; path = "_0___App_Where_am_ITests.swift"; sourceTree = "<group>"; };
		B5A55FB81B3F8E0400589F69 /* CoreLocation.framework */ = {isa = PBXFileReference; lastKnownFileType = wrapper.framework; name = CoreLocation.framework; path = System/Library/Frameworks/CoreLocation.framework; sourceTree = SDKROOT; };
		B5A55FBA1B3F8E1000589F69 /* MapKit.framework */ = {isa = PBXFileReference; lastKnownFileType = wrapper.framework; name = MapKit.framework; path = System/Library/Frameworks/MapKit.framework; sourceTree = SDKROOT; };
/* End PBXFileReference section */

/* Begin PBXFrameworksBuildPhase section */
		B5A55F901B3F8B6000589F69 /* Frameworks */ = {
			isa = PBXFrameworksBuildPhase;
			buildActionMask = 2147483647;
			files = (
				B5A55FBB1B3F8E1000589F69 /* MapKit.framework in Frameworks */,
				B5A55FB91B3F8E0400589F69 /* CoreLocation.framework in Frameworks */,
			);
			runOnlyForDeploymentPostprocessing = 0;
		};
		B5A55FA51B3F8B6000589F69 /* Frameworks */ = {
			isa = PBXFrameworksBuildPhase;
			buildActionMask = 2147483647;
			files = (
			);
			runOnlyForDeploymentPostprocessing = 0;
		};
/* End PBXFrameworksBuildPhase section */

/* Begin PBXGroup section */
		B5A55F8A1B3F8B6000589F69 = {
			isa = PBXGroup;
			children = (
				B5A55FBA1B3F8E1000589F69 /* MapKit.framework */,
				B5A55FB81B3F8E0400589F69 /* CoreLocation.framework */,
				B5A55F951B3F8B6000589F69 /* 20 - App Where am I */,
				B5A55FAB1B3F8B6000589F69 /* 20 - App Where am ITests */,
				B5A55F941B3F8B6000589F69 /* Products */,
			);
			sourceTree = "<group>";
		};
		B5A55F941B3F8B6000589F69 /* Products */ = {
			isa = PBXGroup;
			children = (
				B5A55F931B3F8B6000589F69 /* 20 - App Where am I.app */,
				B5A55FA81B3F8B6000589F69 /* 20 - App Where am ITests.xctest */,
			);
			name = Products;
			sourceTree = "<group>";
		};
		B5A55F951B3F8B6000589F69 /* 20 - App Where am I */ = {
			isa = PBXGroup;
			children = (
				B5A55F981B3F8B6000589F69 /* AppDelegate.swift */,
				B5A55F9A1B3F8B6000589F69 /* ViewController.swift */,
				B5A55F9C1B3F8B6000589F69 /* Main.storyboard */,
				B5A55F9F1B3F8B6000589F69 /* Images.xcassets */,
				B5A55FA11B3F8B6000589F69 /* LaunchScreen.xib */,
				B5A55F961B3F8B6000589F69 /* Supporting Files */,
			);
			path = "20 - App Where am I";
			sourceTree = "<group>";
		};
		B5A55F961B3F8B6000589F69 /* Supporting Files */ = {
			isa = PBXGroup;
			children = (
				B5A55F971B3F8B6000589F69 /* Info.plist */,
			);
			name = "Supporting Files";
			sourceTree = "<group>";
		};
		B5A55FAB1B3F8B6000589F69 /* 20 - App Where am ITests */ = {
			isa = PBXGroup;
			children = (
				B5A55FAE1B3F8B6000589F69 /* _0___App_Where_am_ITests.swift */,
				B5A55FAC1B3F8B6000589F69 /* Supporting Files */,
			);
			path = "20 - App Where am ITests";
			sourceTree = "<group>";
		};
		B5A55FAC1B3F8B6000589F69 /* Supporting Files */ = {
			isa = PBXGroup;
			children = (
				B5A55FAD1B3F8B6000589F69 /* Info.plist */,
			);
			name = "Supporting Files";
			sourceTree = "<group>";
		};
/* End PBXGroup section */

/* Begin PBXNativeTarget section */
		B5A55F921B3F8B6000589F69 /* 20 - App Where am I */ = {
			isa = PBXNativeTarget;
			buildConfigurationList = B5A55FB21B3F8B6000589F69 /* Build configuration list for PBXNativeTarget "20 - App Where am I" */;
			buildPhases = (
				B5A55F8F1B3F8B6000589F69 /* Sources */,
				B5A55F901B3F8B6000589F69 /* Frameworks */,
				B5A55F911B3F8B6000589F69 /* Resources */,
			);
			buildRules = (
			);
			dependencies = (
			);
			name = "20 - App Where am I";
			productName = "20 - App Where am I";
			productReference = B5A55F931B3F8B6000589F69 /* 20 - App Where am I.app */;
			productType = "com.apple.product-type.application";
		};
		B5A55FA71B3F8B6000589F69 /* 20 - App Where am ITests */ = {
			isa = PBXNativeTarget;
			buildConfigurationList = B5A55FB51B3F8B6000589F69 /* Build configuration list for PBXNativeTarget "20 - App Where am ITests" */;
			buildPhases = (
				B5A55FA41B3F8B6000589F69 /* Sources */,
				B5A55FA51B3F8B6000589F69 /* Frameworks */,
				B5A55FA61B3F8B6000589F69 /* Resources */,
			);
			buildRules = (
			);
			dependencies = (
				B5A55FAA1B3F8B6000589F69 /* PBXTargetDependency */,
			);
			name = "20 - App Where am ITests";
			productName = "20 - App Where am ITests";
			productReference = B5A55FA81B3F8B6000589F69 /* 20 - App Where am ITests.xctest */;
			productType = "com.apple.product-type.bundle.unit-test";
		};
/* End PBXNativeTarget section */

/* Begin PBXProject section */
		B5A55F8B1B3F8B6000589F69 /* Project object */ = {
			isa = PBXProject;
			attributes = {
				LastUpgradeCheck = 0630;
				ORGANIZATIONNAME = "Marco Linhares";
				TargetAttributes = {
					B5A55F921B3F8B6000589F69 = {
						CreatedOnToolsVersion = 6.3.2;
					};
					B5A55FA71B3F8B6000589F69 = {
						CreatedOnToolsVersion = 6.3.2;
						TestTargetID = B5A55F921B3F8B6000589F69;
					};
				};
			};
			buildConfigurationList = B5A55F8E1B3F8B6000589F69 /* Build configuration list for PBXProject "20 - App Where am I" */;
			compatibilityVersion = "Xcode 3.2";
			developmentRegion = English;
			hasScannedForEncodings = 0;
			knownRegions = (
				en,
				Base,
			);
			mainGroup = B5A55F8A1B3F8B6000589F69;
			productRefGroup = B5A55F941B3F8B6000589F69 /* Products */;
			projectDirPath = "";
			projectRoot = "";
			targets = (
				B5A55F921B3F8B6000589F69 /* 20 - App Where am I */,
				B5A55FA71B3F8B6000589F69 /* 20 - App Where am ITests */,
			);
		};
/* End PBXProject section */

/* Begin PBXResourcesBuildPhase section */
		B5A55F911B3F8B6000589F69 /* Resources */ = {
			isa = PBXResourcesBuildPhase;
			buildActionMask = 2147483647;
			files = (
				B5A55F9E1B3F8B6000589F69 /* Main.storyboard in Resources */,
				B5A55FA31B3F8B6000589F69 /* LaunchScreen.xib in Resources */,
				B5A55FA01B3F8B6000589F69 /* Images.xcassets in Resources */,
			);
			runOnlyForDeploymentPostprocessing = 0;
		};
		B5A55FA61B3F8B6000589F69 /* Resources */ = {
			isa = PBXResourcesBuildPhase;
			buildActionMask = 2147483647;
			files = (
			);
			runOnlyForDeploymentPostprocessing = 0;
		};
/* End PBXResourcesBuildPhase section */

/* Begin PBXSourcesBuildPhase section */
		B5A55F8F1B3F8B6000589F69 /* Sources */ = {
			isa = PBXSourcesBuildPhase;
			buildActionMask = 2147483647;
			files = (
				B5A55F9B1B3F8B6000589F69 /* ViewController.swift in Sources */,
				B5A55F991B3F8B6000589F69 /* AppDelegate.swift in Sources */,
			);
			runOnlyForDeploymentPostprocessing = 0;
		};
		B5A55FA41B3F8B6000589F69 /* Sources */ = {
			isa = PBXSourcesBuildPhase;
			buildActionMask = 2147483647;
			files = (
				B5A55FAF1B3F8B6000589F69 /* _0___App_Where_am_ITests.swift in Sources */,
			);
			runOnlyForDeploymentPostprocessing = 0;
		};
/* End PBXSourcesBuildPhase section */

/* Begin PBXTargetDependency section */
		B5A55FAA1B3F8B6000589F69 /* PBXTargetDependency */ = {
			isa = PBXTargetDependency;
			target = B5A55F921B3F8B6000589F69 /* 20 - App Where am I */;
			targetProxy = B5A55FA91B3F8B6000589F69 /* PBXContainerItemProxy */;
		};
/* End PBXTargetDependency section */

/* Begin PBXVariantGroup section */
		B5A55F9C1B3F8B6000589F69 /* Main.storyboard */ = {
			isa = PBXVariantGroup;
			children = (
				B5A55F9D1B3F8B6000589F69 /* Base */,
			);
			name = Main.storyboard;
			sourceTree = "<group>";
		};
		B5A55FA11B3F8B6000589F69 /* LaunchScreen.xib */ = {
			isa = PBXVariantGroup;
			children = (
				B5A55FA21B3F8B6000589F69 /* Base */,
			);
			name = LaunchScreen.xib;
			sourceTree = "<group>";
		};
/* End PBXVariantGroup section */

/* Begin XCBuildConfiguration section */
		B5A55FB01B3F8B6000589F69 /* Debug */ = {
			isa = XCBuildConfiguration;
			buildSettings = {
				ALWAYS_SEARCH_USER_PATHS = NO;
				CLANG_CXX_LANGUAGE_STANDARD = "gnu++0x";
				CLANG_CXX_LIBRARY = "libc++";
				CLANG_ENABLE_MODULES = YES;
				CLANG_ENABLE_OBJC_ARC = YES;
				CLANG_WARN_BOOL_CONVERSION = YES;
				CLANG_WARN_CONSTANT_CONVERSION = YES;
				CLANG_WARN_DIRECT_OBJC_ISA_USAGE = YES_ERROR;
				CLANG_WARN_EMPTY_BODY = YES;
				CLANG_WARN_ENUM_CONVERSION = YES;
				CLANG_WARN_INT_CONVERSION = YES;
				CLANG_WARN_OBJC_ROOT_CLASS = YES_ERROR;
				CLANG_WARN_UNREACHABLE_CODE = YES;
				CLANG_WARN__DUPLICATE_METHOD_MATCH = YES;
				"CODE_SIGN_IDENTITY[sdk=iphoneos*]" = "iPhone Developer";
				COPY_PHASE_STRIP = NO;
				DEBUG_INFORMATION_FORMAT = "dwarf-with-dsym";
				ENABLE_STRICT_OBJC_MSGSEND = YES;
				GCC_C_LANGUAGE_STANDARD = gnu99;
				GCC_DYNAMIC_NO_PIC = NO;
				GCC_NO_COMMON_BLOCKS = YES;
				GCC_OPTIMIZATION_LEVEL = 0;
				GCC_PREPROCESSOR_DEFINITIONS = (
					"DEBUG=1",
					"$(inherited)",
				);
				GCC_SYMBOLS_PRIVATE_EXTERN = NO;
				GCC_WARN_64_TO_32_BIT_CONVERSION = YES;
				GCC_WARN_ABOUT_RETURN_TYPE = YES_ERROR;
				GCC_WARN_UNDECLARED_SELECTOR = YES;
				GCC_WARN_UNINITIALIZED_AUTOS = YES_AGGRESSIVE;
				GCC_WARN_UNUSED_FUNCTION = YES;
				GCC_WARN_UNUSED_VARIABLE = YES;
				IPHONEOS_DEPLOYMENT_TARGET = 8.3;
				MTL_ENABLE_DEBUG_INFO = YES;
				ONLY_ACTIVE_ARCH = YES;
				SDKROOT = iphoneos;
				SWIFT_OPTIMIZATION_LEVEL = "-Onone";
			};
			name = Debug;
		};
		B5A55FB11B3F8B6000589F69 /* Release */ = {
			isa = XCBuildConfiguration;
			buildSettings = {
				ALWAYS_SEARCH_USER_PATHS = NO;
				CLANG_CXX_LANGUAGE_STANDARD = "gnu++0x";
				CLANG_CXX_LIBRARY = "libc++";
				CLANG_ENABLE_MODULES = YES;
				CLANG_ENABLE_OBJC_ARC = YES;
				CLANG_WARN_BOOL_CONVERSION = YES;
				CLANG_WARN_CONSTANT_CONVERSION = YES;
				CLANG_WARN_DIRECT_OBJC_ISA_USAGE = YES_ERROR;
				CLANG_WARN_EMPTY_BODY = YES;
				CLANG_WARN_ENUM_CONVERSION = YES;
				CLANG_WARN_INT_CONVERSION = YES;
				CLANG_WARN_OBJC_ROOT_CLASS = YES_ERROR;
				CLANG_WARN_UNREACHABLE_CODE = YES;
				CLANG_WARN__DUPLICATE_METHOD_MATCH = YES;
				"CODE_SIGN_IDENTITY[sdk=iphoneos*]" = "iPhone Developer";
				COPY_PHASE_STRIP = NO;
				DEBUG_INFORMATION_FORMAT = "dwarf-with-dsym";
				ENABLE_NS_ASSERTIONS = NO;
				ENABLE_STRICT_OBJC_MSGSEND = YES;
				GCC_C_LANGUAGE_STANDARD = gnu99;
				GCC_NO_COMMON_BLOCKS = YES;
				GCC_WARN_64_TO_32_BIT_CONVERSION = YES;
				GCC_WARN_ABOUT_RETURN_TYPE = YES_ERROR;
				GCC_WARN_UNDECLARED_SELECTOR = YES;
				GCC_WARN_UNINITIALIZED_AUTOS = YES_AGGRESSIVE;
				GCC_WARN_UNUSED_FUNCTION = YES;
				GCC_WARN_UNUSED_VARIABLE = YES;
				IPHONEOS_DEPLOYMENT_TARGET = 8.3;
				MTL_ENABLE_DEBUG_INFO = NO;
				SDKROOT = iphoneos;
				VALIDATE_PRODUCT = YES;
			};
			name = Release;
		};
		B5A55FB31B3F8B6000589F69 /* Debug */ = {
			isa = XCBuildConfiguration;
			buildSettings = {
				ASSETCATALOG_COMPILER_APPICON_NAME = AppIcon;
				INFOPLIST_FILE = "20 - App Where am I/Info.plist";
				LD_RUNPATH_SEARCH_PATHS = "$(inherited) @executable_path/Frameworks";
				PRODUCT_NAME = "$(TARGET_NAME)";
			};
			name = Debug;
		};
		B5A55FB41B3F8B6000589F69 /* Release */ = {
			isa = XCBuildConfiguration;
			buildSettings = {
				ASSETCATALOG_COMPILER_APPICON_NAME = AppIcon;
				INFOPLIST_FILE = "20 - App Where am I/Info.plist";
				LD_RUNPATH_SEARCH_PATHS = "$(inherited) @executable_path/Frameworks";
				PRODUCT_NAME = "$(TARGET_NAME)";
			};
			name = Release;
		};
		B5A55FB61B3F8B6000589F69 /* Debug */ = {
			isa = XCBuildConfiguration;
			buildSettings = {
				BUNDLE_LOADER = "$(TEST_HOST)";
				FRAMEWORK_SEARCH_PATHS = (
					"$(SDKROOT)/Developer/Library/Frameworks",
					"$(inherited)",
				);
				GCC_PREPROCESSOR_DEFINITIONS = (
					"DEBUG=1",
					"$(inherited)",
				);
				INFOPLIST_FILE = "20 - App Where am ITests/Info.plist";
				LD_RUNPATH_SEARCH_PATHS = "$(inherited) @executable_path/Frameworks @loader_path/Frameworks";
				PRODUCT_NAME = "$(TARGET_NAME)";
				TEST_HOST = "$(BUILT_PRODUCTS_DIR)/20 - App Where am I.app/20 - App Where am I";
			};
			name = Debug;
		};
		B5A55FB71B3F8B6000589F69 /* Release */ = {
			isa = XCBuildConfiguration;
			buildSettings = {
				BUNDLE_LOADER = "$(TEST_HOST)";
				FRAMEWORK_SEARCH_PATHS = (
					"$(SDKROOT)/Developer/Library/Frameworks",
					"$(inherited)",
				);
				INFOPLIST_FILE = "20 - App Where am ITests/Info.plist";
				LD_RUNPATH_SEARCH_PATHS = "$(inherited) @executable_path/Frameworks @loader_path/Frameworks";
				PRODUCT_NAME = "$(TARGET_NAME)";
				TEST_HOST = "$(BUILT_PRODUCTS_DIR)/20 - App Where am I.app/20 - App Where am I";
			};
			name = Release;
		};
/* End XCBuildConfiguration section */

/* Begin XCConfigurationList section */
		B5A55F8E1B3F8B6000589F69 /* Build configuration list for PBXProject "20 - App Where am I" */ = {
			isa = XCConfigurationList;
			buildConfigurations = (
				B5A55FB01B3F8B6000589F69 /* Debug */,
				B5A55FB11B3F8B6000589F69 /* Release */,
			);
			defaultConfigurationIsVisible = 0;
			defaultConfigurationName = Release;
		};
		B5A55FB21B3F8B6000589F69 /* Build configuration list for PBXNativeTarget "20 - App Where am I" */ = {
			isa = XCConfigurationList;
			buildConfigurations = (
				B5A55FB31B3F8B6000589F69 /* Debug */,
				B5A55FB41B3F8B6000589F69 /* Release */,
			);
			defaultConfigurationIsVisible = 0;
		};
		B5A55FB51B3F8B6000589F69 /* Build configuration list for PBXNativeTarget "20 - App Where am ITests" */ = {
			isa = XCConfigurationList;
			buildConfigurations = (
				B5A55FB61B3F8B6000589F69 /* Debug */,
				B5A55FB71B3F8B6000589F69 /* Release */,
			);
			defaultConfigurationIsVisible = 0;
		};
/* End XCConfigurationList section */
	};
	rootObject = B5A55F8B1B3F8B6000589F69 /* Project object */;
}
